
Microsoft Visual Studio Solution File, Format Version 12.00
# Visual Studio 14
VisualStudioVersion = 14.0.25420.1
MinimumVisualStudioVersion = 10.0.40219.1
Project("{FAE04EC0-301F-11D3-BF4B-00C04F79EFBC}") = "WindowsPCL", "..\..\Windows\sdk\WindowsPcl\WindowsPCL.csproj", "{1037B76A-1170-414D-AFAE-4C4621E78007}"
EndProject
Project("{FAE04EC0-301F-11D3-BF4B-00C04F79EFBC}") = "WindowsPCLnet40", "..\..\Windows\sdk\WindowsPclNet40\WindowsPCLnet40.csproj", "{C739ABC8-258E-4111-ACD8-6CE58D00633D}"
EndProject
Project("{2150E333-8FDC-42A3-9474-1A3956D46DE8}") = ".nuget", ".nuget", "{1219F8AD-795F-44EF-B3BD-CE389A9039D7}"
	ProjectSection(SolutionItems) = preProject
		.nuget\NuGet.Config = .nuget\NuGet.Config
		.nuget\NuGet.exe = .nuget\NuGet.exe
		.nuget\NuGet.targets = .nuget\NuGet.targets
	EndProjectSection
EndProject
Project("{FAE04EC0-301F-11D3-BF4B-00C04F79EFBC}") = "WindowsUap", "..\..\Windows\sdk\WindowsUap\WindowsUap.csproj", "{4AA3181E-FBD4-4D11-AC6C-ABCD52C6516A}"
EndProject
Project("{FAE04EC0-301F-11D3-BF4B-00C04F79EFBC}") = "AdjustUAP10", "..\..\Windows\sdk\WindowsUAP10\AdjustUAP10.csproj", "{0013B5DC-2C9F-4CDE-8FB2-56CDAC76028E}"
EndProject
Project("{FAE04EC0-301F-11D3-BF4B-00C04F79EFBC}") = "RealDLL10", "RealDLL10\RealDLL10.csproj", "{CA64230C-0276-4B43-A4AE-FFFDD7FF5559}"
EndProject
Project("{FAE04EC0-301F-11D3-BF4B-00C04F79EFBC}") = "PCLStorage.Abstractions", "..\..\Windows\sdk\PCLStorage.Abstractions\PCLStorage.Abstractions.csproj", "{EEBB53F3-EBDF-4DD0-82E5-FF9A2C8DBD72}"
EndProject
Project("{FAE04EC0-301F-11D3-BF4B-00C04F79EFBC}") = "RealDLL81", "RealDLL81\RealDLL81.csproj", "{D18F23D1-4AD3-49C4-A743-11855472A1E5}"
EndProject
Project("{FAE04EC0-301F-11D3-BF4B-00C04F79EFBC}") = "AdjustUW81", "..\..\Windows\sdk\AdjustUW81\AdjustUW81.csproj", "{E35A2EEF-46CA-4719-953E-E1993C637085}"
EndProject
Project("{FAE04EC0-301F-11D3-BF4B-00C04F79EFBC}") = "FakeDLL10", "FakeDLL10\FakeDLL10.csproj", "{069404C1-D9D2-4DD4-9A3F-F586F4F2315E}"
EndProject
Project("{FAE04EC0-301F-11D3-BF4B-00C04F79EFBC}") = "FakeDLL81", "FakeDLL81\FakeDLL81.csproj", "{EF992A60-EF7E-49C8-9E56-796287705C6E}"
EndProject
Global
	GlobalSection(SolutionConfigurationPlatforms) = preSolution
		Debug|Any CPU = Debug|Any CPU
		Debug|ARM = Debug|ARM
		Debug|x64 = Debug|x64
		Debug|x86 = Debug|x86
		Release|Any CPU = Release|Any CPU
		Release|ARM = Release|ARM
		Release|x64 = Release|x64
		Release|x86 = Release|x86
	EndGlobalSection
	GlobalSection(ProjectConfigurationPlatforms) = postSolution
		{1037B76A-1170-414D-AFAE-4C4621E78007}.Debug|Any CPU.ActiveCfg = Debug|Any CPU
		{1037B76A-1170-414D-AFAE-4C4621E78007}.Debug|Any CPU.Build.0 = Debug|Any CPU
		{1037B76A-1170-414D-AFAE-4C4621E78007}.Debug|ARM.ActiveCfg = Debug|Any CPU
		{1037B76A-1170-414D-AFAE-4C4621E78007}.Debug|x64.ActiveCfg = Debug|Any CPU
		{1037B76A-1170-414D-AFAE-4C4621E78007}.Debug|x86.ActiveCfg = Debug|Any CPU
		{1037B76A-1170-414D-AFAE-4C4621E78007}.Release|Any CPU.ActiveCfg = Release|Any CPU
		{1037B76A-1170-414D-AFAE-4C4621E78007}.Release|Any CPU.Build.0 = Release|Any CPU
		{1037B76A-1170-414D-AFAE-4C4621E78007}.Release|ARM.ActiveCfg = Release|Any CPU
		{1037B76A-1170-414D-AFAE-4C4621E78007}.Release|x64.ActiveCfg = Release|Any CPU
		{1037B76A-1170-414D-AFAE-4C4621E78007}.Release|x86.ActiveCfg = Release|Any CPU
		{C739ABC8-258E-4111-ACD8-6CE58D00633D}.Debug|Any CPU.ActiveCfg = Debug|Any CPU
		{C739ABC8-258E-4111-ACD8-6CE58D00633D}.Debug|Any CPU.Build.0 = Debug|Any CPU
		{C739ABC8-258E-4111-ACD8-6CE58D00633D}.Debug|ARM.ActiveCfg = Debug|Any CPU
		{C739ABC8-258E-4111-ACD8-6CE58D00633D}.Debug|x64.ActiveCfg = Debug|Any CPU
		{C739ABC8-258E-4111-ACD8-6CE58D00633D}.Debug|x86.ActiveCfg = Debug|Any CPU
		{C739ABC8-258E-4111-ACD8-6CE58D00633D}.Release|Any CPU.ActiveCfg = Release|Any CPU
		{C739ABC8-258E-4111-ACD8-6CE58D00633D}.Release|Any CPU.Build.0 = Release|Any CPU
		{C739ABC8-258E-4111-ACD8-6CE58D00633D}.Release|ARM.ActiveCfg = Release|Any CPU
		{C739ABC8-258E-4111-ACD8-6CE58D00633D}.Release|x64.ActiveCfg = Release|Any CPU
		{C739ABC8-258E-4111-ACD8-6CE58D00633D}.Release|x86.ActiveCfg = Release|Any CPU
		{4AA3181E-FBD4-4D11-AC6C-ABCD52C6516A}.Debug|Any CPU.ActiveCfg = Debug|Any CPU
		{4AA3181E-FBD4-4D11-AC6C-ABCD52C6516A}.Debug|Any CPU.Build.0 = Debug|Any CPU
		{4AA3181E-FBD4-4D11-AC6C-ABCD52C6516A}.Debug|ARM.ActiveCfg = Debug|Any CPU
		{4AA3181E-FBD4-4D11-AC6C-ABCD52C6516A}.Debug|x64.ActiveCfg = Debug|Any CPU
		{4AA3181E-FBD4-4D11-AC6C-ABCD52C6516A}.Debug|x86.ActiveCfg = Debug|Any CPU
		{4AA3181E-FBD4-4D11-AC6C-ABCD52C6516A}.Release|Any CPU.ActiveCfg = Release|Any CPU
		{4AA3181E-FBD4-4D11-AC6C-ABCD52C6516A}.Release|Any CPU.Build.0 = Release|Any CPU
		{4AA3181E-FBD4-4D11-AC6C-ABCD52C6516A}.Release|ARM.ActiveCfg = Release|Any CPU
		{4AA3181E-FBD4-4D11-AC6C-ABCD52C6516A}.Release|x64.ActiveCfg = Release|Any CPU
		{4AA3181E-FBD4-4D11-AC6C-ABCD52C6516A}.Release|x86.ActiveCfg = Release|Any CPU
		{0013B5DC-2C9F-4CDE-8FB2-56CDAC76028E}.Debug|Any CPU.ActiveCfg = Debug|Any CPU
		{0013B5DC-2C9F-4CDE-8FB2-56CDAC76028E}.Debug|Any CPU.Build.0 = Debug|Any CPU
		{0013B5DC-2C9F-4CDE-8FB2-56CDAC76028E}.Debug|ARM.ActiveCfg = Debug|ARM
		{0013B5DC-2C9F-4CDE-8FB2-56CDAC76028E}.Debug|ARM.Build.0 = Debug|ARM
		{0013B5DC-2C9F-4CDE-8FB2-56CDAC76028E}.Debug|x64.ActiveCfg = Debug|x64
		{0013B5DC-2C9F-4CDE-8FB2-56CDAC76028E}.Debug|x64.Build.0 = Debug|x64
		{0013B5DC-2C9F-4CDE-8FB2-56CDAC76028E}.Debug|x86.ActiveCfg = Debug|x86
		{0013B5DC-2C9F-4CDE-8FB2-56CDAC76028E}.Debug|x86.Build.0 = Debug|x86
		{0013B5DC-2C9F-4CDE-8FB2-56CDAC76028E}.Release|Any CPU.ActiveCfg = Release|Any CPU
		{0013B5DC-2C9F-4CDE-8FB2-56CDAC76028E}.Release|Any CPU.Build.0 = Release|Any CPU
		{0013B5DC-2C9F-4CDE-8FB2-56CDAC76028E}.Release|ARM.ActiveCfg = Release|ARM
		{0013B5DC-2C9F-4CDE-8FB2-56CDAC76028E}.Release|ARM.Build.0 = Release|ARM
		{0013B5DC-2C9F-4CDE-8FB2-56CDAC76028E}.Release|x64.ActiveCfg = Release|x64
		{0013B5DC-2C9F-4CDE-8FB2-56CDAC76028E}.Release|x64.Build.0 = Release|x64
		{0013B5DC-2C9F-4CDE-8FB2-56CDAC76028E}.Release|x86.ActiveCfg = Release|x86
		{0013B5DC-2C9F-4CDE-8FB2-56CDAC76028E}.Release|x86.Build.0 = Release|x86
		{CA64230C-0276-4B43-A4AE-FFFDD7FF5559}.Debug|Any CPU.ActiveCfg = Debug|Any CPU
		{CA64230C-0276-4B43-A4AE-FFFDD7FF5559}.Debug|Any CPU.Build.0 = Debug|Any CPU
		{CA64230C-0276-4B43-A4AE-FFFDD7FF5559}.Debug|ARM.ActiveCfg = Debug|ARM
		{CA64230C-0276-4B43-A4AE-FFFDD7FF5559}.Debug|ARM.Build.0 = Debug|ARM
		{CA64230C-0276-4B43-A4AE-FFFDD7FF5559}.Debug|x64.ActiveCfg = Debug|x64
		{CA64230C-0276-4B43-A4AE-FFFDD7FF5559}.Debug|x64.Build.0 = Debug|x64
		{CA64230C-0276-4B43-A4AE-FFFDD7FF5559}.Debug|x86.ActiveCfg = Debug|x86
		{CA64230C-0276-4B43-A4AE-FFFDD7FF5559}.Debug|x86.Build.0 = Debug|x86
		{CA64230C-0276-4B43-A4AE-FFFDD7FF5559}.Release|Any CPU.ActiveCfg = Release|Any CPU
		{CA64230C-0276-4B43-A4AE-FFFDD7FF5559}.Release|Any CPU.Build.0 = Release|Any CPU
		{CA64230C-0276-4B43-A4AE-FFFDD7FF5559}.Release|ARM.ActiveCfg = Release|ARM
		{CA64230C-0276-4B43-A4AE-FFFDD7FF5559}.Release|ARM.Build.0 = Release|ARM
		{CA64230C-0276-4B43-A4AE-FFFDD7FF5559}.Release|x64.ActiveCfg = Release|x64
		{CA64230C-0276-4B43-A4AE-FFFDD7FF5559}.Release|x64.Build.0 = Release|x64
		{CA64230C-0276-4B43-A4AE-FFFDD7FF5559}.Release|x86.ActiveCfg = Release|x86
		{CA64230C-0276-4B43-A4AE-FFFDD7FF5559}.Release|x86.Build.0 = Release|x86
		{EEBB53F3-EBDF-4DD0-82E5-FF9A2C8DBD72}.Debug|Any CPU.ActiveCfg = Debug|Any CPU
		{EEBB53F3-EBDF-4DD0-82E5-FF9A2C8DBD72}.Debug|Any CPU.Build.0 = Debug|Any CPU
		{EEBB53F3-EBDF-4DD0-82E5-FF9A2C8DBD72}.Debug|ARM.ActiveCfg = Debug|Any CPU
		{EEBB53F3-EBDF-4DD0-82E5-FF9A2C8DBD72}.Debug|ARM.Build.0 = Debug|Any CPU
		{EEBB53F3-EBDF-4DD0-82E5-FF9A2C8DBD72}.Debug|x64.ActiveCfg = Debug|Any CPU
		{EEBB53F3-EBDF-4DD0-82E5-FF9A2C8DBD72}.Debug|x64.Build.0 = Debug|Any CPU
		{EEBB53F3-EBDF-4DD0-82E5-FF9A2C8DBD72}.Debug|x86.ActiveCfg = Debug|Any CPU
		{EEBB53F3-EBDF-4DD0-82E5-FF9A2C8DBD72}.Debug|x86.Build.0 = Debug|Any CPU
		{EEBB53F3-EBDF-4DD0-82E5-FF9A2C8DBD72}.Release|Any CPU.ActiveCfg = Release|Any CPU
		{EEBB53F3-EBDF-4DD0-82E5-FF9A2C8DBD72}.Release|Any CPU.Build.0 = Release|Any CPU
		{EEBB53F3-EBDF-4DD0-82E5-FF9A2C8DBD72}.Release|ARM.ActiveCfg = Release|Any CPU
		{EEBB53F3-EBDF-4DD0-82E5-FF9A2C8DBD72}.Release|ARM.Build.0 = Release|Any CPU
		{EEBB53F3-EBDF-4DD0-82E5-FF9A2C8DBD72}.Release|x64.ActiveCfg = Release|Any CPU
		{EEBB53F3-EBDF-4DD0-82E5-FF9A2C8DBD72}.Release|x64.Build.0 = Release|Any CPU
		{EEBB53F3-EBDF-4DD0-82E5-FF9A2C8DBD72}.Release|x86.ActiveCfg = Release|Any CPU
		{EEBB53F3-EBDF-4DD0-82E5-FF9A2C8DBD72}.Release|x86.Build.0 = Release|Any CPU
		{D18F23D1-4AD3-49C4-A743-11855472A1E5}.Debug|Any CPU.ActiveCfg = Debug|Any CPU
		{D18F23D1-4AD3-49C4-A743-11855472A1E5}.Debug|Any CPU.Build.0 = Debug|Any CPU
		{D18F23D1-4AD3-49C4-A743-11855472A1E5}.Debug|ARM.ActiveCfg = Debug|Any CPU
		{D18F23D1-4AD3-49C4-A743-11855472A1E5}.Debug|ARM.Build.0 = Debug|Any CPU
		{D18F23D1-4AD3-49C4-A743-11855472A1E5}.Debug|x64.ActiveCfg = Debug|Any CPU
		{D18F23D1-4AD3-49C4-A743-11855472A1E5}.Debug|x64.Build.0 = Debug|Any CPU
		{D18F23D1-4AD3-49C4-A743-11855472A1E5}.Debug|x86.ActiveCfg = Debug|Any CPU
		{D18F23D1-4AD3-49C4-A743-11855472A1E5}.Debug|x86.Build.0 = Debug|Any CPU
		{D18F23D1-4AD3-49C4-A743-11855472A1E5}.Release|Any CPU.ActiveCfg = Release|Any CPU
		{D18F23D1-4AD3-49C4-A743-11855472A1E5}.Release|Any CPU.Build.0 = Release|Any CPU
		{D18F23D1-4AD3-49C4-A743-11855472A1E5}.Release|ARM.ActiveCfg = Release|Any CPU
		{D18F23D1-4AD3-49C4-A743-11855472A1E5}.Release|ARM.Build.0 = Release|Any CPU
		{D18F23D1-4AD3-49C4-A743-11855472A1E5}.Release|x64.ActiveCfg = Release|Any CPU
		{D18F23D1-4AD3-49C4-A743-11855472A1E5}.Release|x64.Build.0 = Release|Any CPU
		{D18F23D1-4AD3-49C4-A743-11855472A1E5}.Release|x86.ActiveCfg = Release|Any CPU
		{D18F23D1-4AD3-49C4-A743-11855472A1E5}.Release|x86.Build.0 = Release|Any CPU
		{E35A2EEF-46CA-4719-953E-E1993C637085}.Debug|Any CPU.ActiveCfg = Debug|Any CPU
		{E35A2EEF-46CA-4719-953E-E1993C637085}.Debug|Any CPU.Build.0 = Debug|Any CPU
		{E35A2EEF-46CA-4719-953E-E1993C637085}.Debug|ARM.ActiveCfg = Debug|Any CPU
		{E35A2EEF-46CA-4719-953E-E1993C637085}.Debug|ARM.Build.0 = Debug|Any CPU
		{E35A2EEF-46CA-4719-953E-E1993C637085}.Debug|x64.ActiveCfg = Debug|Any CPU
		{E35A2EEF-46CA-4719-953E-E1993C637085}.Debug|x64.Build.0 = Debug|Any CPU
		{E35A2EEF-46CA-4719-953E-E1993C637085}.Debug|x86.ActiveCfg = Debug|Any CPU
		{E35A2EEF-46CA-4719-953E-E1993C637085}.Debug|x86.Build.0 = Debug|Any CPU
		{E35A2EEF-46CA-4719-953E-E1993C637085}.Release|Any CPU.ActiveCfg = Release|Any CPU
		{E35A2EEF-46CA-4719-953E-E1993C637085}.Release|Any CPU.Build.0 = Release|Any CPU
		{E35A2EEF-46CA-4719-953E-E1993C637085}.Release|ARM.ActiveCfg = Release|Any CPU
		{E35A2EEF-46CA-4719-953E-E1993C637085}.Release|ARM.Build.0 = Release|Any CPU
		{E35A2EEF-46CA-4719-953E-E1993C637085}.Release|x64.ActiveCfg = Release|Any CPU
		{E35A2EEF-46CA-4719-953E-E1993C637085}.Release|x64.Build.0 = Release|Any CPU
		{E35A2EEF-46CA-4719-953E-E1993C637085}.Release|x86.ActiveCfg = Release|Any CPU
		{E35A2EEF-46CA-4719-953E-E1993C637085}.Release|x86.Build.0 = Release|Any CPU
		{069404C1-D9D2-4DD4-9A3F-F586F4F2315E}.Debug|Any CPU.ActiveCfg = Debug|Any CPU
		{069404C1-D9D2-4DD4-9A3F-F586F4F2315E}.Debug|Any CPU.Build.0 = Debug|Any CPU
		{069404C1-D9D2-4DD4-9A3F-F586F4F2315E}.Debug|ARM.ActiveCfg = Debug|Any CPU
		{069404C1-D9D2-4DD4-9A3F-F586F4F2315E}.Debug|ARM.Build.0 = Debug|Any CPU
		{069404C1-D9D2-4DD4-9A3F-F586F4F2315E}.Debug|x64.ActiveCfg = Debug|Any CPU
		{069404C1-D9D2-4DD4-9A3F-F586F4F2315E}.Debug|x64.Build.0 = Debug|Any CPU
		{069404C1-D9D2-4DD4-9A3F-F586F4F2315E}.Debug|x86.ActiveCfg = Debug|Any CPU
		{069404C1-D9D2-4DD4-9A3F-F586F4F2315E}.Debug|x86.Build.0 = Debug|Any CPU
		{069404C1-D9D2-4DD4-9A3F-F586F4F2315E}.Release|Any CPU.ActiveCfg = Release|Any CPU
		{069404C1-D9D2-4DD4-9A3F-F586F4F2315E}.Release|Any CPU.Build.0 = Release|Any CPU
		{069404C1-D9D2-4DD4-9A3F-F586F4F2315E}.Release|ARM.ActiveCfg = Release|Any CPU
		{069404C1-D9D2-4DD4-9A3F-F586F4F2315E}.Release|ARM.Build.0 = Release|Any CPU
		{069404C1-D9D2-4DD4-9A3F-F586F4F2315E}.Release|x64.ActiveCfg = Release|Any CPU
		{069404C1-D9D2-4DD4-9A3F-F586F4F2315E}.Release|x64.Build.0 = Release|Any CPU
		{069404C1-D9D2-4DD4-9A3F-F586F4F2315E}.Release|x86.ActiveCfg = Release|Any CPU
		{069404C1-D9D2-4DD4-9A3F-F586F4F2315E}.Release|x86.Build.0 = Release|Any CPU
		{EF992A60-EF7E-49C8-9E56-796287705C6E}.Debug|Any CPU.ActiveCfg = Debug|Any CPU
		{EF992A60-EF7E-49C8-9E56-796287705C6E}.Debug|Any CPU.Build.0 = Debug|Any CPU
		{EF992A60-EF7E-49C8-9E56-796287705C6E}.Debug|ARM.ActiveCfg = Debug|Any CPU
		{EF992A60-EF7E-49C8-9E56-796287705C6E}.Debug|ARM.Build.0 = Debug|Any CPU
		{EF992A60-EF7E-49C8-9E56-796287705C6E}.Debug|x64.ActiveCfg = Debug|Any CPU
		{EF992A60-EF7E-49C8-9E56-796287705C6E}.Debug|x64.Build.0 = Debug|Any CPU
		{EF992A60-EF7E-49C8-9E56-796287705C6E}.Debug|x86.ActiveCfg = Debug|Any CPU
		{EF992A60-EF7E-49C8-9E56-796287705C6E}.Debug|x86.Build.0 = Debug|Any CPU
		{EF992A60-EF7E-49C8-9E56-796287705C6E}.Release|Any CPU.ActiveCfg = Release|Any CPU
		{EF992A60-EF7E-49C8-9E56-796287705C6E}.Release|Any CPU.Build.0 = Release|Any CPU
		{EF992A60-EF7E-49C8-9E56-796287705C6E}.Release|ARM.ActiveCfg = Release|Any CPU
		{EF992A60-EF7E-49C8-9E56-796287705C6E}.Release|ARM.Build.0 = Release|Any CPU
		{EF992A60-EF7E-49C8-9E56-796287705C6E}.Release|x64.ActiveCfg = Release|Any CPU
		{EF992A60-EF7E-49C8-9E56-796287705C6E}.Release|x64.Build.0 = Release|Any CPU
		{EF992A60-EF7E-49C8-9E56-796287705C6E}.Release|x86.ActiveCfg = Release|Any CPU
		{EF992A60-EF7E-49C8-9E56-796287705C6E}.Release|x86.Build.0 = Release|Any CPU
	EndGlobalSection
	GlobalSection(SolutionProperties) = preSolution
		HideSolutionNode = FALSE
	EndGlobalSection
EndGlobal
